
Microsoft Visual Studio Solution File, Format Version 12.00
# Visual Studio 15
VisualStudioVersion = 15.0.26730.16
MinimumVisualStudioVersion = 10.0.40219.1
Project("{FAE04EC0-301F-11D3-BF4B-00C04F79EFBC}") = "ConnectServer", "ConnectServer\ConnectServer.csproj", "{9403FDF3-D079-4712-8771-2205FCCB97B3}"
EndProject
Global
	GlobalSection(SolutionConfigurationPlatforms) = preSolution
		Debug|Any CPU = Debug|Any CPU
		Release|Any CPU = Release|Any CPU
	EndGlobalSection
	GlobalSection(ProjectConfigurationPlatforms) = postSolution
		{9403FDF3-D079-4712-8771-2205FCCB97B3}.Debug|Any CPU.ActiveCfg = Debug|Any CPU
		{9403FDF3-D079-4712-8771-2205FCCB97B3}.Debug|Any CPU.Build.0 = Debug|Any CPU
		{9403FDF3-D079-4712-8771-2205FCCB97B3}.Release|Any CPU.ActiveCfg = Release|Any CPU
		{9403FDF3-D079-4712-8771-2205FCCB97B3}.Release|Any CPU.Build.0 = Release|Any CPU
	EndGlobalSection
	GlobalSection(SolutionProperties) = preSolution
		HideSolutionNode = FALSE
	EndGlobalSection
	GlobalSection(ExtensibilityGlobals) = postSolution
		SolutionGuid = {555FB138-95C0-4F0D-BB7C-976DB379F33A}
	EndGlobalSection
EndGlobal
