
Microsoft Visual Studio Solution File, Format Version 12.00
# Visual Studio 15
VisualStudioVersion = 15.0.27004.2002
MinimumVisualStudioVersion = 10.0.40219.1
Project("{9A19103F-16F7-4668-BE54-9A1E7A4F7556}") = "StarterConsole", "StarterConsole\StarterConsole.csproj", "{FB095A8E-29FA-4759-B3E2-82A1D3389EB1}"
EndProject
Project("{2150E333-8FDC-42A3-9474-1A3956D46DE8}") = "Starters", "Starters", "{73E2493F-5D12-48F3-8AA8-4CE54430C496}"
EndProject
Project("{9A19103F-16F7-4668-BE54-9A1E7A4F7556}") = "SoftwareClass", "SoftwareClass\SoftwareClass.csproj", "{023AB42C-5467-41D9-8685-98F8A6F15B2B}"
EndProject
Project("{2150E333-8FDC-42A3-9474-1A3956D46DE8}") = "Communication", "Communication", "{D6631BED-C101-474B-AB55-FAEB97E7D5C0}"
EndProject
Project("{9A19103F-16F7-4668-BE54-9A1E7A4F7556}") = "ExtPlaneNet", "ExtPlaneNet\ExtPlaneNet.csproj", "{B61793F8-10E4-43CD-A96A-D068AB21C055}"
EndProject
Project("{9A19103F-16F7-4668-BE54-9A1E7A4F7556}") = "DebugHandler", "DebugHandler\DebugHandler.csproj", "{EB0F45EF-3B36-49D4-82CD-CFAA19381736}"
EndProject
Project("{9A19103F-16F7-4668-BE54-9A1E7A4F7556}") = "Settings", "Settings\Settings.csproj", "{0EDE3374-A7E6-4FF1-B00E-A62CE0850BFF}"
EndProject
Project("{2150E333-8FDC-42A3-9474-1A3956D46DE8}") = "Data", "Data", "{D987E403-C483-42E8-B4B9-21701244ED5A}"
EndProject
Project("{9A19103F-16F7-4668-BE54-9A1E7A4F7556}") = "Model", "Model\Model.csproj", "{869C922E-B29B-43E8-8023-5007C4F02204}"
EndProject
Project("{9A19103F-16F7-4668-BE54-9A1E7A4F7556}") = "Database", "Database\Database.csproj", "{FBD6F02B-6D0E-4C5C-BB0D-0F720AA67E66}"
EndProject
Project("{FAE04EC0-301F-11D3-BF4B-00C04F79EFBC}") = "standardModelTest", "standardModelTest\standardModelTest.csproj", "{64E94B56-A326-44C8-A6CA-0E324B0623B0}"
EndProject
Global
	GlobalSection(SolutionConfigurationPlatforms) = preSolution
		Debug|Any CPU = Debug|Any CPU
		Release|Any CPU = Release|Any CPU
	EndGlobalSection
	GlobalSection(ProjectConfigurationPlatforms) = postSolution
		{FB095A8E-29FA-4759-B3E2-82A1D3389EB1}.Debug|Any CPU.ActiveCfg = Debug|Any CPU
		{FB095A8E-29FA-4759-B3E2-82A1D3389EB1}.Debug|Any CPU.Build.0 = Debug|Any CPU
		{FB095A8E-29FA-4759-B3E2-82A1D3389EB1}.Release|Any CPU.ActiveCfg = Release|Any CPU
		{FB095A8E-29FA-4759-B3E2-82A1D3389EB1}.Release|Any CPU.Build.0 = Release|Any CPU
		{023AB42C-5467-41D9-8685-98F8A6F15B2B}.Debug|Any CPU.ActiveCfg = Debug|Any CPU
		{023AB42C-5467-41D9-8685-98F8A6F15B2B}.Debug|Any CPU.Build.0 = Debug|Any CPU
		{023AB42C-5467-41D9-8685-98F8A6F15B2B}.Release|Any CPU.ActiveCfg = Release|Any CPU
		{023AB42C-5467-41D9-8685-98F8A6F15B2B}.Release|Any CPU.Build.0 = Release|Any CPU
		{B61793F8-10E4-43CD-A96A-D068AB21C055}.Debug|Any CPU.ActiveCfg = Debug|Any CPU
		{B61793F8-10E4-43CD-A96A-D068AB21C055}.Debug|Any CPU.Build.0 = Debug|Any CPU
		{B61793F8-10E4-43CD-A96A-D068AB21C055}.Release|Any CPU.ActiveCfg = Release|Any CPU
		{B61793F8-10E4-43CD-A96A-D068AB21C055}.Release|Any CPU.Build.0 = Release|Any CPU
		{EB0F45EF-3B36-49D4-82CD-CFAA19381736}.Debug|Any CPU.ActiveCfg = Debug|Any CPU
		{EB0F45EF-3B36-49D4-82CD-CFAA19381736}.Debug|Any CPU.Build.0 = Debug|Any CPU
		{EB0F45EF-3B36-49D4-82CD-CFAA19381736}.Release|Any CPU.ActiveCfg = Release|Any CPU
		{EB0F45EF-3B36-49D4-82CD-CFAA19381736}.Release|Any CPU.Build.0 = Release|Any CPU
		{0EDE3374-A7E6-4FF1-B00E-A62CE0850BFF}.Debug|Any CPU.ActiveCfg = Debug|Any CPU
		{0EDE3374-A7E6-4FF1-B00E-A62CE0850BFF}.Debug|Any CPU.Build.0 = Debug|Any CPU
		{0EDE3374-A7E6-4FF1-B00E-A62CE0850BFF}.Release|Any CPU.ActiveCfg = Release|Any CPU
		{0EDE3374-A7E6-4FF1-B00E-A62CE0850BFF}.Release|Any CPU.Build.0 = Release|Any CPU
		{869C922E-B29B-43E8-8023-5007C4F02204}.Debug|Any CPU.ActiveCfg = Debug|Any CPU
		{869C922E-B29B-43E8-8023-5007C4F02204}.Debug|Any CPU.Build.0 = Debug|Any CPU
		{869C922E-B29B-43E8-8023-5007C4F02204}.Release|Any CPU.ActiveCfg = Release|Any CPU
		{869C922E-B29B-43E8-8023-5007C4F02204}.Release|Any CPU.Build.0 = Release|Any CPU
		{FBD6F02B-6D0E-4C5C-BB0D-0F720AA67E66}.Debug|Any CPU.ActiveCfg = Debug|Any CPU
		{FBD6F02B-6D0E-4C5C-BB0D-0F720AA67E66}.Debug|Any CPU.Build.0 = Debug|Any CPU
		{FBD6F02B-6D0E-4C5C-BB0D-0F720AA67E66}.Release|Any CPU.ActiveCfg = Release|Any CPU
		{FBD6F02B-6D0E-4C5C-BB0D-0F720AA67E66}.Release|Any CPU.Build.0 = Release|Any CPU
		{64E94B56-A326-44C8-A6CA-0E324B0623B0}.Debug|Any CPU.ActiveCfg = Debug|Any CPU
		{64E94B56-A326-44C8-A6CA-0E324B0623B0}.Debug|Any CPU.Build.0 = Debug|Any CPU
		{64E94B56-A326-44C8-A6CA-0E324B0623B0}.Release|Any CPU.ActiveCfg = Release|Any CPU
		{64E94B56-A326-44C8-A6CA-0E324B0623B0}.Release|Any CPU.Build.0 = Release|Any CPU
	EndGlobalSection
	GlobalSection(SolutionProperties) = preSolution
		HideSolutionNode = FALSE
	EndGlobalSection
	GlobalSection(NestedProjects) = preSolution
		{FB095A8E-29FA-4759-B3E2-82A1D3389EB1} = {73E2493F-5D12-48F3-8AA8-4CE54430C496}
		{B61793F8-10E4-43CD-A96A-D068AB21C055} = {D6631BED-C101-474B-AB55-FAEB97E7D5C0}
		{EB0F45EF-3B36-49D4-82CD-CFAA19381736} = {D987E403-C483-42E8-B4B9-21701244ED5A}
		{869C922E-B29B-43E8-8023-5007C4F02204} = {D987E403-C483-42E8-B4B9-21701244ED5A}
		{FBD6F02B-6D0E-4C5C-BB0D-0F720AA67E66} = {D6631BED-C101-474B-AB55-FAEB97E7D5C0}
		{64E94B56-A326-44C8-A6CA-0E324B0623B0} = {D987E403-C483-42E8-B4B9-21701244ED5A}
	EndGlobalSection
	GlobalSection(ExtensibilityGlobals) = postSolution
		SolutionGuid = {555FB138-95C0-4F0D-BB7C-976DB379F33A}
	EndGlobalSection
EndGlobal
