
Microsoft Visual Studio Solution File, Format Version 12.00
# Visual Studio 15
VisualStudioVersion = 15.0.27004.2005
MinimumVisualStudioVersion = 10.0.40219.1
Project("{9A19103F-16F7-4668-BE54-9A1E7A4F7556}") = "StarterConsole", "StarterConsole\StarterConsole.csproj", "{FB095A8E-29FA-4759-B3E2-82A1D3389EB1}"
EndProject
Project("{2150E333-8FDC-42A3-9474-1A3956D46DE8}") = "Starters", "Starters", "{73E2493F-5D12-48F3-8AA8-4CE54430C496}"
EndProject
Project("{2150E333-8FDC-42A3-9474-1A3956D46DE8}") = "Communication", "Communication", "{D6631BED-C101-474B-AB55-FAEB97E7D5C0}"
EndProject
Project("{2150E333-8FDC-42A3-9474-1A3956D46DE8}") = "Data", "Data", "{D987E403-C483-42E8-B4B9-21701244ED5A}"
EndProject
Project("{9A19103F-16F7-4668-BE54-9A1E7A4F7556}") = "Cs.Model.Database", "Cs.Model.Database\Cs.Model.Database.csproj", "{4A2D5117-D1DC-4676-88A6-C0387FC0F0D9}"
EndProject
Project("{2150E333-8FDC-42A3-9474-1A3956D46DE8}") = "Software", "Software", "{9E2B80EA-86AA-4E9B-A09E-DFF5E8176178}"
EndProject
Project("{FAE04EC0-301F-11D3-BF4B-00C04F79EFBC}") = "Cs.Software", "Cs.Software\Cs.Software.csproj", "{B9293721-66EB-4898-9200-7C204C994C15}"
EndProject
Project("{FAE04EC0-301F-11D3-BF4B-00C04F79EFBC}") = "Cs.Model", "Cs.Model\Cs.Model.csproj", "{9C5B09EE-FE19-4E86-8150-8FA526B11BC5}"
EndProject
Project("{FAE04EC0-301F-11D3-BF4B-00C04F79EFBC}") = "Cs.Settings", "Cs.Settings\Cs.Settings.csproj", "{A2752BF3-BD6D-442D-A580-35C04AE1C885}"
EndProject
Project("{FAE04EC0-301F-11D3-BF4B-00C04F79EFBC}") = "Cs.DebugHandler", "Cs.DebugHandler\Cs.DebugHandler.csproj", "{06109E7C-5A31-48E9-B5B1-6BEE404F7C56}"
EndProject
Project("{FAE04EC0-301F-11D3-BF4B-00C04F79EFBC}") = "Cs.Communication.Database", "Cs.Communication.Database\Cs.Communication.Database.csproj", "{1A9BD556-A622-4F83-9FA0-73272F212A04}"
EndProject
Project("{FAE04EC0-301F-11D3-BF4B-00C04F79EFBC}") = "Cs.Communication.ExtPlaneNet", "Cs.Communication.ExtPlaneNet\Cs.Communication.ExtPlaneNet.csproj", "{01F31EE8-469A-43E8-9B95-A5705A314E73}"
EndProject
Global
	GlobalSection(SolutionConfigurationPlatforms) = preSolution
		Debug|Any CPU = Debug|Any CPU
		Release|Any CPU = Release|Any CPU
	EndGlobalSection
	GlobalSection(ProjectConfigurationPlatforms) = postSolution
		{FB095A8E-29FA-4759-B3E2-82A1D3389EB1}.Debug|Any CPU.ActiveCfg = Debug|Any CPU
		{FB095A8E-29FA-4759-B3E2-82A1D3389EB1}.Debug|Any CPU.Build.0 = Debug|Any CPU
		{FB095A8E-29FA-4759-B3E2-82A1D3389EB1}.Release|Any CPU.ActiveCfg = Release|Any CPU
		{FB095A8E-29FA-4759-B3E2-82A1D3389EB1}.Release|Any CPU.Build.0 = Release|Any CPU
		{4A2D5117-D1DC-4676-88A6-C0387FC0F0D9}.Debug|Any CPU.ActiveCfg = Debug|Any CPU
		{4A2D5117-D1DC-4676-88A6-C0387FC0F0D9}.Debug|Any CPU.Build.0 = Debug|Any CPU
		{4A2D5117-D1DC-4676-88A6-C0387FC0F0D9}.Release|Any CPU.ActiveCfg = Release|Any CPU
		{4A2D5117-D1DC-4676-88A6-C0387FC0F0D9}.Release|Any CPU.Build.0 = Release|Any CPU
		{B9293721-66EB-4898-9200-7C204C994C15}.Debug|Any CPU.ActiveCfg = Debug|Any CPU
		{B9293721-66EB-4898-9200-7C204C994C15}.Debug|Any CPU.Build.0 = Debug|Any CPU
		{B9293721-66EB-4898-9200-7C204C994C15}.Release|Any CPU.ActiveCfg = Release|Any CPU
		{B9293721-66EB-4898-9200-7C204C994C15}.Release|Any CPU.Build.0 = Release|Any CPU
		{9C5B09EE-FE19-4E86-8150-8FA526B11BC5}.Debug|Any CPU.ActiveCfg = Debug|Any CPU
		{9C5B09EE-FE19-4E86-8150-8FA526B11BC5}.Debug|Any CPU.Build.0 = Debug|Any CPU
		{9C5B09EE-FE19-4E86-8150-8FA526B11BC5}.Release|Any CPU.ActiveCfg = Release|Any CPU
		{9C5B09EE-FE19-4E86-8150-8FA526B11BC5}.Release|Any CPU.Build.0 = Release|Any CPU
		{A2752BF3-BD6D-442D-A580-35C04AE1C885}.Debug|Any CPU.ActiveCfg = Debug|Any CPU
		{A2752BF3-BD6D-442D-A580-35C04AE1C885}.Debug|Any CPU.Build.0 = Debug|Any CPU
		{A2752BF3-BD6D-442D-A580-35C04AE1C885}.Release|Any CPU.ActiveCfg = Release|Any CPU
		{A2752BF3-BD6D-442D-A580-35C04AE1C885}.Release|Any CPU.Build.0 = Release|Any CPU
		{06109E7C-5A31-48E9-B5B1-6BEE404F7C56}.Debug|Any CPU.ActiveCfg = Debug|Any CPU
		{06109E7C-5A31-48E9-B5B1-6BEE404F7C56}.Debug|Any CPU.Build.0 = Debug|Any CPU
		{06109E7C-5A31-48E9-B5B1-6BEE404F7C56}.Release|Any CPU.ActiveCfg = Release|Any CPU
		{06109E7C-5A31-48E9-B5B1-6BEE404F7C56}.Release|Any CPU.Build.0 = Release|Any CPU
		{1A9BD556-A622-4F83-9FA0-73272F212A04}.Debug|Any CPU.ActiveCfg = Debug|Any CPU
		{1A9BD556-A622-4F83-9FA0-73272F212A04}.Debug|Any CPU.Build.0 = Debug|Any CPU
		{1A9BD556-A622-4F83-9FA0-73272F212A04}.Release|Any CPU.ActiveCfg = Release|Any CPU
		{1A9BD556-A622-4F83-9FA0-73272F212A04}.Release|Any CPU.Build.0 = Release|Any CPU
		{01F31EE8-469A-43E8-9B95-A5705A314E73}.Debug|Any CPU.ActiveCfg = Debug|Any CPU
		{01F31EE8-469A-43E8-9B95-A5705A314E73}.Debug|Any CPU.Build.0 = Debug|Any CPU
		{01F31EE8-469A-43E8-9B95-A5705A314E73}.Release|Any CPU.ActiveCfg = Release|Any CPU
		{01F31EE8-469A-43E8-9B95-A5705A314E73}.Release|Any CPU.Build.0 = Release|Any CPU
	EndGlobalSection
	GlobalSection(SolutionProperties) = preSolution
		HideSolutionNode = FALSE
	EndGlobalSection
	GlobalSection(NestedProjects) = preSolution
		{FB095A8E-29FA-4759-B3E2-82A1D3389EB1} = {73E2493F-5D12-48F3-8AA8-4CE54430C496}
		{4A2D5117-D1DC-4676-88A6-C0387FC0F0D9} = {D987E403-C483-42E8-B4B9-21701244ED5A}
		{B9293721-66EB-4898-9200-7C204C994C15} = {9E2B80EA-86AA-4E9B-A09E-DFF5E8176178}
		{9C5B09EE-FE19-4E86-8150-8FA526B11BC5} = {D987E403-C483-42E8-B4B9-21701244ED5A}
		{A2752BF3-BD6D-442D-A580-35C04AE1C885} = {9E2B80EA-86AA-4E9B-A09E-DFF5E8176178}
		{06109E7C-5A31-48E9-B5B1-6BEE404F7C56} = {D987E403-C483-42E8-B4B9-21701244ED5A}
		{1A9BD556-A622-4F83-9FA0-73272F212A04} = {D6631BED-C101-474B-AB55-FAEB97E7D5C0}
		{01F31EE8-469A-43E8-9B95-A5705A314E73} = {D6631BED-C101-474B-AB55-FAEB97E7D5C0}
	EndGlobalSection
	GlobalSection(ExtensibilityGlobals) = postSolution
		SolutionGuid = {555FB138-95C0-4F0D-BB7C-976DB379F33A}
	EndGlobalSection
EndGlobal
